
Microsoft Visual Studio Solution File, Format Version 12.00
# Visual Studio Version 17
VisualStudioVersion = 17.0.31912.275
MinimumVisualStudioVersion = 10.0.40219.1
Project("{9A19103F-16F7-4668-BE54-9A1E7A4F7556}") = "ConsoleApp1", "ConsoleApp1\ConsoleApp1.csproj", "{A7A17878-1A6E-4C8A-91C9-22DEC703B664}"
EndProject
Project("{9A19103F-16F7-4668-BE54-9A1E7A4F7556}") = "Donguler", "Donguler\Donguler.csproj", "{BAF5E63D-EBE4-4B39-A746-78DA882BF09A}"
EndProject
Project("{9A19103F-16F7-4668-BE54-9A1E7A4F7556}") = "classintro", "classintro\classintro.csproj", "{6355ECE8-8183-4621-892B-74B6CD1C3E46}"
EndProject
Project("{9A19103F-16F7-4668-BE54-9A1E7A4F7556}") = "YeniMetotlar", "YeniMetotlar\YeniMetotlar.csproj", "{11453A6E-B3F7-40D0-8892-97918BCB049A}"
EndProject
Project("{9A19103F-16F7-4668-BE54-9A1E7A4F7556}") = "Matematik", "Matematik\Matematik.csproj", "{BA79BD0B-7E30-4A2A-9259-6A4D4D359496}"
EndProject
Project("{9A19103F-16F7-4668-BE54-9A1E7A4F7556}") = "DegerVeReferansTipler", "DegerVeReferansTipler\DegerVeReferansTipler.csproj", "{60E7B723-4718-414C-9522-08EDC40D4BB4}"
EndProject
Project("{9A19103F-16F7-4668-BE54-9A1E7A4F7556}") = "OOP1", "OOP1\OOP1.csproj", "{5D37E763-2A3B-485B-8AC5-FE323BF33F53}"
EndProject
Project("{9A19103F-16F7-4668-BE54-9A1E7A4F7556}") = "Koleksiyonlar", "Koleksiyonlar\Koleksiyonlar.csproj", "{B0BC1800-6BC1-4D6A-AE2B-AA58781CE2F9}"
EndProject
Project("{9A19103F-16F7-4668-BE54-9A1E7A4F7556}") = "GenericsIntro", "GenericsIntro\GenericsIntro.csproj", "{55355689-2DBD-4C1D-A4BB-DC37F3C60726}"
EndProject
Project("{9A19103F-16F7-4668-BE54-9A1E7A4F7556}") = "Quiz", "Quiz\Quiz.csproj", "{B8382470-49AE-4F06-8B88-E25B07A22727}"
EndProject
Project("{9A19103F-16F7-4668-BE54-9A1E7A4F7556}") = "quiz2", "quiz2\quiz2.csproj", "{33C860BE-C9F9-48CD-A857-A05C68CC8338}"
EndProject
Project("{9A19103F-16F7-4668-BE54-9A1E7A4F7556}") = "quiz3", "quiz3\quiz3.csproj", "{16DBF6B7-8AEB-44F2-87B9-20102388F8AE}"
EndProject
Project("{9A19103F-16F7-4668-BE54-9A1E7A4F7556}") = "dolaryüzdeartis", "dolaryüzdeartis\dolaryüzdeartis.csproj", "{76B78F6F-0A71-44C1-BDE2-C046F6A52DDA}"
EndProject
Project("{9A19103F-16F7-4668-BE54-9A1E7A4F7556}") = "Odev6Products", "Odev6Products\Odev6Products.csproj", "{C27B2485-EE72-4DD3-9889-D5BA91020813}"
EndProject
Project("{FAE04EC0-301F-11D3-BF4B-00C04F79EFBC}") = "ClassMetotDemo", "ClassMetotDemo\ClassMetotDemo.csproj", "{033C5391-DA88-4154-BC6A-783002183B8D}"
EndProject
Global
	GlobalSection(SolutionConfigurationPlatforms) = preSolution
		Debug|Any CPU = Debug|Any CPU
		Release|Any CPU = Release|Any CPU
	EndGlobalSection
	GlobalSection(ProjectConfigurationPlatforms) = postSolution
		{A7A17878-1A6E-4C8A-91C9-22DEC703B664}.Debug|Any CPU.ActiveCfg = Debug|Any CPU
		{A7A17878-1A6E-4C8A-91C9-22DEC703B664}.Debug|Any CPU.Build.0 = Debug|Any CPU
		{A7A17878-1A6E-4C8A-91C9-22DEC703B664}.Release|Any CPU.ActiveCfg = Release|Any CPU
		{A7A17878-1A6E-4C8A-91C9-22DEC703B664}.Release|Any CPU.Build.0 = Release|Any CPU
		{BAF5E63D-EBE4-4B39-A746-78DA882BF09A}.Debug|Any CPU.ActiveCfg = Debug|Any CPU
		{BAF5E63D-EBE4-4B39-A746-78DA882BF09A}.Debug|Any CPU.Build.0 = Debug|Any CPU
		{BAF5E63D-EBE4-4B39-A746-78DA882BF09A}.Release|Any CPU.ActiveCfg = Release|Any CPU
		{BAF5E63D-EBE4-4B39-A746-78DA882BF09A}.Release|Any CPU.Build.0 = Release|Any CPU
		{6355ECE8-8183-4621-892B-74B6CD1C3E46}.Debug|Any CPU.ActiveCfg = Debug|Any CPU
		{6355ECE8-8183-4621-892B-74B6CD1C3E46}.Debug|Any CPU.Build.0 = Debug|Any CPU
		{6355ECE8-8183-4621-892B-74B6CD1C3E46}.Release|Any CPU.ActiveCfg = Release|Any CPU
		{6355ECE8-8183-4621-892B-74B6CD1C3E46}.Release|Any CPU.Build.0 = Release|Any CPU
		{11453A6E-B3F7-40D0-8892-97918BCB049A}.Debug|Any CPU.ActiveCfg = Debug|Any CPU
		{11453A6E-B3F7-40D0-8892-97918BCB049A}.Debug|Any CPU.Build.0 = Debug|Any CPU
		{11453A6E-B3F7-40D0-8892-97918BCB049A}.Release|Any CPU.ActiveCfg = Release|Any CPU
		{11453A6E-B3F7-40D0-8892-97918BCB049A}.Release|Any CPU.Build.0 = Release|Any CPU
		{BA79BD0B-7E30-4A2A-9259-6A4D4D359496}.Debug|Any CPU.ActiveCfg = Debug|Any CPU
		{BA79BD0B-7E30-4A2A-9259-6A4D4D359496}.Debug|Any CPU.Build.0 = Debug|Any CPU
		{BA79BD0B-7E30-4A2A-9259-6A4D4D359496}.Release|Any CPU.ActiveCfg = Release|Any CPU
		{BA79BD0B-7E30-4A2A-9259-6A4D4D359496}.Release|Any CPU.Build.0 = Release|Any CPU
		{60E7B723-4718-414C-9522-08EDC40D4BB4}.Debug|Any CPU.ActiveCfg = Debug|Any CPU
		{60E7B723-4718-414C-9522-08EDC40D4BB4}.Debug|Any CPU.Build.0 = Debug|Any CPU
		{60E7B723-4718-414C-9522-08EDC40D4BB4}.Release|Any CPU.ActiveCfg = Release|Any CPU
		{60E7B723-4718-414C-9522-08EDC40D4BB4}.Release|Any CPU.Build.0 = Release|Any CPU
		{5D37E763-2A3B-485B-8AC5-FE323BF33F53}.Debug|Any CPU.ActiveCfg = Debug|Any CPU
		{5D37E763-2A3B-485B-8AC5-FE323BF33F53}.Debug|Any CPU.Build.0 = Debug|Any CPU
		{5D37E763-2A3B-485B-8AC5-FE323BF33F53}.Release|Any CPU.ActiveCfg = Release|Any CPU
		{5D37E763-2A3B-485B-8AC5-FE323BF33F53}.Release|Any CPU.Build.0 = Release|Any CPU
		{B0BC1800-6BC1-4D6A-AE2B-AA58781CE2F9}.Debug|Any CPU.ActiveCfg = Debug|Any CPU
		{B0BC1800-6BC1-4D6A-AE2B-AA58781CE2F9}.Debug|Any CPU.Build.0 = Debug|Any CPU
		{B0BC1800-6BC1-4D6A-AE2B-AA58781CE2F9}.Release|Any CPU.ActiveCfg = Release|Any CPU
		{B0BC1800-6BC1-4D6A-AE2B-AA58781CE2F9}.Release|Any CPU.Build.0 = Release|Any CPU
		{55355689-2DBD-4C1D-A4BB-DC37F3C60726}.Debug|Any CPU.ActiveCfg = Debug|Any CPU
		{55355689-2DBD-4C1D-A4BB-DC37F3C60726}.Debug|Any CPU.Build.0 = Debug|Any CPU
		{55355689-2DBD-4C1D-A4BB-DC37F3C60726}.Release|Any CPU.ActiveCfg = Release|Any CPU
		{55355689-2DBD-4C1D-A4BB-DC37F3C60726}.Release|Any CPU.Build.0 = Release|Any CPU
		{B8382470-49AE-4F06-8B88-E25B07A22727}.Debug|Any CPU.ActiveCfg = Debug|Any CPU
		{B8382470-49AE-4F06-8B88-E25B07A22727}.Debug|Any CPU.Build.0 = Debug|Any CPU
		{B8382470-49AE-4F06-8B88-E25B07A22727}.Release|Any CPU.ActiveCfg = Release|Any CPU
		{B8382470-49AE-4F06-8B88-E25B07A22727}.Release|Any CPU.Build.0 = Release|Any CPU
		{33C860BE-C9F9-48CD-A857-A05C68CC8338}.Debug|Any CPU.ActiveCfg = Debug|Any CPU
		{33C860BE-C9F9-48CD-A857-A05C68CC8338}.Debug|Any CPU.Build.0 = Debug|Any CPU
		{33C860BE-C9F9-48CD-A857-A05C68CC8338}.Release|Any CPU.ActiveCfg = Release|Any CPU
		{33C860BE-C9F9-48CD-A857-A05C68CC8338}.Release|Any CPU.Build.0 = Release|Any CPU
		{16DBF6B7-8AEB-44F2-87B9-20102388F8AE}.Debug|Any CPU.ActiveCfg = Debug|Any CPU
		{16DBF6B7-8AEB-44F2-87B9-20102388F8AE}.Debug|Any CPU.Build.0 = Debug|Any CPU
		{16DBF6B7-8AEB-44F2-87B9-20102388F8AE}.Release|Any CPU.ActiveCfg = Release|Any CPU
		{16DBF6B7-8AEB-44F2-87B9-20102388F8AE}.Release|Any CPU.Build.0 = Release|Any CPU
		{76B78F6F-0A71-44C1-BDE2-C046F6A52DDA}.Debug|Any CPU.ActiveCfg = Debug|Any CPU
		{76B78F6F-0A71-44C1-BDE2-C046F6A52DDA}.Debug|Any CPU.Build.0 = Debug|Any CPU
		{76B78F6F-0A71-44C1-BDE2-C046F6A52DDA}.Release|Any CPU.ActiveCfg = Release|Any CPU
		{76B78F6F-0A71-44C1-BDE2-C046F6A52DDA}.Release|Any CPU.Build.0 = Release|Any CPU
		{C27B2485-EE72-4DD3-9889-D5BA91020813}.Debug|Any CPU.ActiveCfg = Debug|Any CPU
		{C27B2485-EE72-4DD3-9889-D5BA91020813}.Debug|Any CPU.Build.0 = Debug|Any CPU
		{C27B2485-EE72-4DD3-9889-D5BA91020813}.Release|Any CPU.ActiveCfg = Release|Any CPU
		{C27B2485-EE72-4DD3-9889-D5BA91020813}.Release|Any CPU.Build.0 = Release|Any CPU
		{033C5391-DA88-4154-BC6A-783002183B8D}.Debug|Any CPU.ActiveCfg = Debug|Any CPU
		{033C5391-DA88-4154-BC6A-783002183B8D}.Debug|Any CPU.Build.0 = Debug|Any CPU
		{033C5391-DA88-4154-BC6A-783002183B8D}.Release|Any CPU.ActiveCfg = Release|Any CPU
		{033C5391-DA88-4154-BC6A-783002183B8D}.Release|Any CPU.Build.0 = Release|Any CPU
	EndGlobalSection
	GlobalSection(SolutionProperties) = preSolution
		HideSolutionNode = FALSE
	EndGlobalSection
	GlobalSection(ExtensibilityGlobals) = postSolution
		SolutionGuid = {301865E8-61DA-4AA6-8760-1D99E139FEEF}
	EndGlobalSection
EndGlobal
